
Microsoft Visual Studio Solution File, Format Version 12.00
# Visual Studio 15
VisualStudioVersion = 15.0.28010.2050
MinimumVisualStudioVersion = 10.0.40219.1
Project("{FAE04EC0-301F-11D3-BF4B-00C04F79EFBC}") = "CipherBotApp.Android", "CipherBotApp\CipherBotApp.Android\CipherBotApp.Android.csproj", "{D7B3D4E5-96AE-4565-B3EC-EB8FB046A558}"
EndProject
Project("{FAE04EC0-301F-11D3-BF4B-00C04F79EFBC}") = "CipherBotApp.iOS", "CipherBotApp\CipherBotApp.iOS\CipherBotApp.iOS.csproj", "{38977922-5202-4DB5-817C-D8E4EC974491}"
EndProject
Project("{FAE04EC0-301F-11D3-BF4B-00C04F79EFBC}") = "CipherBotApp", "CipherBotApp\CipherBotApp\CipherBotApp.csproj", "{9681FCB9-6D28-4DB7-8B71-135BA4E8E402}"
EndProject
Global
	GlobalSection(SolutionConfigurationPlatforms) = preSolution
		Ad-Hoc|Any CPU = Ad-Hoc|Any CPU
		Ad-Hoc|iPhone = Ad-Hoc|iPhone
		Ad-Hoc|iPhoneSimulator = Ad-Hoc|iPhoneSimulator
		AppStore|Any CPU = AppStore|Any CPU
		AppStore|iPhone = AppStore|iPhone
		AppStore|iPhoneSimulator = AppStore|iPhoneSimulator
		Debug|Any CPU = Debug|Any CPU
		Debug|iPhone = Debug|iPhone
		Debug|iPhoneSimulator = Debug|iPhoneSimulator
		Release|Any CPU = Release|Any CPU
		Release|iPhone = Release|iPhone
		Release|iPhoneSimulator = Release|iPhoneSimulator
	EndGlobalSection
	GlobalSection(ProjectConfigurationPlatforms) = postSolution
		{D7B3D4E5-96AE-4565-B3EC-EB8FB046A558}.Ad-Hoc|Any CPU.ActiveCfg = Release|Any CPU
		{D7B3D4E5-96AE-4565-B3EC-EB8FB046A558}.Ad-Hoc|Any CPU.Build.0 = Release|Any CPU
		{D7B3D4E5-96AE-4565-B3EC-EB8FB046A558}.Ad-Hoc|Any CPU.Deploy.0 = Release|Any CPU
		{D7B3D4E5-96AE-4565-B3EC-EB8FB046A558}.Ad-Hoc|iPhone.ActiveCfg = Release|Any CPU
		{D7B3D4E5-96AE-4565-B3EC-EB8FB046A558}.Ad-Hoc|iPhone.Build.0 = Release|Any CPU
		{D7B3D4E5-96AE-4565-B3EC-EB8FB046A558}.Ad-Hoc|iPhone.Deploy.0 = Release|Any CPU
		{D7B3D4E5-96AE-4565-B3EC-EB8FB046A558}.Ad-Hoc|iPhoneSimulator.ActiveCfg = Release|Any CPU
		{D7B3D4E5-96AE-4565-B3EC-EB8FB046A558}.Ad-Hoc|iPhoneSimulator.Build.0 = Release|Any CPU
		{D7B3D4E5-96AE-4565-B3EC-EB8FB046A558}.Ad-Hoc|iPhoneSimulator.Deploy.0 = Release|Any CPU
		{D7B3D4E5-96AE-4565-B3EC-EB8FB046A558}.AppStore|Any CPU.ActiveCfg = Release|Any CPU
		{D7B3D4E5-96AE-4565-B3EC-EB8FB046A558}.AppStore|Any CPU.Build.0 = Release|Any CPU
		{D7B3D4E5-96AE-4565-B3EC-EB8FB046A558}.AppStore|Any CPU.Deploy.0 = Release|Any CPU
		{D7B3D4E5-96AE-4565-B3EC-EB8FB046A558}.AppStore|iPhone.ActiveCfg = Release|Any CPU
		{D7B3D4E5-96AE-4565-B3EC-EB8FB046A558}.AppStore|iPhone.Build.0 = Release|Any CPU
		{D7B3D4E5-96AE-4565-B3EC-EB8FB046A558}.AppStore|iPhone.Deploy.0 = Release|Any CPU
		{D7B3D4E5-96AE-4565-B3EC-EB8FB046A558}.AppStore|iPhoneSimulator.ActiveCfg = Release|Any CPU
		{D7B3D4E5-96AE-4565-B3EC-EB8FB046A558}.AppStore|iPhoneSimulator.Build.0 = Release|Any CPU
		{D7B3D4E5-96AE-4565-B3EC-EB8FB046A558}.AppStore|iPhoneSimulator.Deploy.0 = Release|Any CPU
		{D7B3D4E5-96AE-4565-B3EC-EB8FB046A558}.Debug|Any CPU.ActiveCfg = Debug|Any CPU
		{D7B3D4E5-96AE-4565-B3EC-EB8FB046A558}.Debug|Any CPU.Build.0 = Debug|Any CPU
		{D7B3D4E5-96AE-4565-B3EC-EB8FB046A558}.Debug|Any CPU.Deploy.0 = Debug|Any CPU
		{D7B3D4E5-96AE-4565-B3EC-EB8FB046A558}.Debug|iPhone.ActiveCfg = Debug|Any CPU
		{D7B3D4E5-96AE-4565-B3EC-EB8FB046A558}.Debug|iPhone.Build.0 = Debug|Any CPU
		{D7B3D4E5-96AE-4565-B3EC-EB8FB046A558}.Debug|iPhone.Deploy.0 = Debug|Any CPU
		{D7B3D4E5-96AE-4565-B3EC-EB8FB046A558}.Debug|iPhoneSimulator.ActiveCfg = Debug|Any CPU
		{D7B3D4E5-96AE-4565-B3EC-EB8FB046A558}.Debug|iPhoneSimulator.Build.0 = Debug|Any CPU
		{D7B3D4E5-96AE-4565-B3EC-EB8FB046A558}.Debug|iPhoneSimulator.Deploy.0 = Debug|Any CPU
		{D7B3D4E5-96AE-4565-B3EC-EB8FB046A558}.Release|Any CPU.ActiveCfg = Release|Any CPU
		{D7B3D4E5-96AE-4565-B3EC-EB8FB046A558}.Release|Any CPU.Build.0 = Release|Any CPU
		{D7B3D4E5-96AE-4565-B3EC-EB8FB046A558}.Release|Any CPU.Deploy.0 = Release|Any CPU
		{D7B3D4E5-96AE-4565-B3EC-EB8FB046A558}.Release|iPhone.ActiveCfg = Release|Any CPU
		{D7B3D4E5-96AE-4565-B3EC-EB8FB046A558}.Release|iPhone.Build.0 = Release|Any CPU
		{D7B3D4E5-96AE-4565-B3EC-EB8FB046A558}.Release|iPhone.Deploy.0 = Release|Any CPU
		{D7B3D4E5-96AE-4565-B3EC-EB8FB046A558}.Release|iPhoneSimulator.ActiveCfg = Release|Any CPU
		{D7B3D4E5-96AE-4565-B3EC-EB8FB046A558}.Release|iPhoneSimulator.Build.0 = Release|Any CPU
		{D7B3D4E5-96AE-4565-B3EC-EB8FB046A558}.Release|iPhoneSimulator.Deploy.0 = Release|Any CPU
		{38977922-5202-4DB5-817C-D8E4EC974491}.Ad-Hoc|Any CPU.ActiveCfg = Ad-Hoc|iPhone
		{38977922-5202-4DB5-817C-D8E4EC974491}.Ad-Hoc|Any CPU.Build.0 = Ad-Hoc|iPhone
		{38977922-5202-4DB5-817C-D8E4EC974491}.Ad-Hoc|Any CPU.Deploy.0 = Ad-Hoc|iPhone
		{38977922-5202-4DB5-817C-D8E4EC974491}.Ad-Hoc|iPhone.ActiveCfg = Ad-Hoc|iPhone
		{38977922-5202-4DB5-817C-D8E4EC974491}.Ad-Hoc|iPhone.Build.0 = Ad-Hoc|iPhone
		{38977922-5202-4DB5-817C-D8E4EC974491}.Ad-Hoc|iPhone.Deploy.0 = Ad-Hoc|iPhone
		{38977922-5202-4DB5-817C-D8E4EC974491}.Ad-Hoc|iPhoneSimulator.ActiveCfg = Ad-Hoc|iPhoneSimulator
		{38977922-5202-4DB5-817C-D8E4EC974491}.Ad-Hoc|iPhoneSimulator.Build.0 = Ad-Hoc|iPhoneSimulator
		{38977922-5202-4DB5-817C-D8E4EC974491}.Ad-Hoc|iPhoneSimulator.Deploy.0 = Ad-Hoc|iPhoneSimulator
		{38977922-5202-4DB5-817C-D8E4EC974491}.AppStore|Any CPU.ActiveCfg = AppStore|iPhone
		{38977922-5202-4DB5-817C-D8E4EC974491}.AppStore|Any CPU.Build.0 = AppStore|iPhone
		{38977922-5202-4DB5-817C-D8E4EC974491}.AppStore|Any CPU.Deploy.0 = AppStore|iPhone
		{38977922-5202-4DB5-817C-D8E4EC974491}.AppStore|iPhone.ActiveCfg = AppStore|iPhone
		{38977922-5202-4DB5-817C-D8E4EC974491}.AppStore|iPhone.Build.0 = AppStore|iPhone
		{38977922-5202-4DB5-817C-D8E4EC974491}.AppStore|iPhone.Deploy.0 = AppStore|iPhone
		{38977922-5202-4DB5-817C-D8E4EC974491}.AppStore|iPhoneSimulator.ActiveCfg = AppStore|iPhoneSimulator
		{38977922-5202-4DB5-817C-D8E4EC974491}.AppStore|iPhoneSimulator.Build.0 = AppStore|iPhoneSimulator
		{38977922-5202-4DB5-817C-D8E4EC974491}.AppStore|iPhoneSimulator.Deploy.0 = AppStore|iPhoneSimulator
		{38977922-5202-4DB5-817C-D8E4EC974491}.Debug|Any CPU.ActiveCfg = Debug|iPhoneSimulator
		{38977922-5202-4DB5-817C-D8E4EC974491}.Debug|Any CPU.Build.0 = Debug|iPhoneSimulator
		{38977922-5202-4DB5-817C-D8E4EC974491}.Debug|Any CPU.Deploy.0 = Debug|iPhoneSimulator
		{38977922-5202-4DB5-817C-D8E4EC974491}.Debug|iPhone.ActiveCfg = Debug|iPhone
		{38977922-5202-4DB5-817C-D8E4EC974491}.Debug|iPhone.Build.0 = Debug|iPhone
		{38977922-5202-4DB5-817C-D8E4EC974491}.Debug|iPhone.Deploy.0 = Debug|iPhone
		{38977922-5202-4DB5-817C-D8E4EC974491}.Debug|iPhoneSimulator.ActiveCfg = Debug|iPhoneSimulator
		{38977922-5202-4DB5-817C-D8E4EC974491}.Debug|iPhoneSimulator.Build.0 = Debug|iPhoneSimulator
		{38977922-5202-4DB5-817C-D8E4EC974491}.Debug|iPhoneSimulator.Deploy.0 = Debug|iPhoneSimulator
		{38977922-5202-4DB5-817C-D8E4EC974491}.Release|Any CPU.ActiveCfg = Release|iPhone
		{38977922-5202-4DB5-817C-D8E4EC974491}.Release|Any CPU.Build.0 = Release|iPhone
		{38977922-5202-4DB5-817C-D8E4EC974491}.Release|Any CPU.Deploy.0 = Release|iPhone
		{38977922-5202-4DB5-817C-D8E4EC974491}.Release|iPhone.ActiveCfg = Release|iPhone
		{38977922-5202-4DB5-817C-D8E4EC974491}.Release|iPhone.Build.0 = Release|iPhone
		{38977922-5202-4DB5-817C-D8E4EC974491}.Release|iPhone.Deploy.0 = Release|iPhone
		{38977922-5202-4DB5-817C-D8E4EC974491}.Release|iPhoneSimulator.ActiveCfg = Release|iPhoneSimulator
		{38977922-5202-4DB5-817C-D8E4EC974491}.Release|iPhoneSimulator.Build.0 = Release|iPhoneSimulator
		{38977922-5202-4DB5-817C-D8E4EC974491}.Release|iPhoneSimulator.Deploy.0 = Release|iPhoneSimulator
		{9681FCB9-6D28-4DB7-8B71-135BA4E8E402}.Ad-Hoc|Any CPU.ActiveCfg = Debug|Any CPU
		{9681FCB9-6D28-4DB7-8B71-135BA4E8E402}.Ad-Hoc|Any CPU.Build.0 = Debug|Any CPU
		{9681FCB9-6D28-4DB7-8B71-135BA4E8E402}.Ad-Hoc|Any CPU.Deploy.0 = Debug|Any CPU
		{9681FCB9-6D28-4DB7-8B71-135BA4E8E402}.Ad-Hoc|iPhone.ActiveCfg = Debug|Any CPU
		{9681FCB9-6D28-4DB7-8B71-135BA4E8E402}.Ad-Hoc|iPhone.Build.0 = Debug|Any CPU
		{9681FCB9-6D28-4DB7-8B71-135BA4E8E402}.Ad-Hoc|iPhone.Deploy.0 = Debug|Any CPU
		{9681FCB9-6D28-4DB7-8B71-135BA4E8E402}.Ad-Hoc|iPhoneSimulator.ActiveCfg = Debug|Any CPU
		{9681FCB9-6D28-4DB7-8B71-135BA4E8E402}.Ad-Hoc|iPhoneSimulator.Build.0 = Debug|Any CPU
		{9681FCB9-6D28-4DB7-8B71-135BA4E8E402}.Ad-Hoc|iPhoneSimulator.Deploy.0 = Debug|Any CPU
		{9681FCB9-6D28-4DB7-8B71-135BA4E8E402}.AppStore|Any CPU.ActiveCfg = Debug|Any CPU
		{9681FCB9-6D28-4DB7-8B71-135BA4E8E402}.AppStore|Any CPU.Build.0 = Debug|Any CPU
		{9681FCB9-6D28-4DB7-8B71-135BA4E8E402}.AppStore|Any CPU.Deploy.0 = Debug|Any CPU
		{9681FCB9-6D28-4DB7-8B71-135BA4E8E402}.AppStore|iPhone.ActiveCfg = Debug|Any CPU
		{9681FCB9-6D28-4DB7-8B71-135BA4E8E402}.AppStore|iPhone.Build.0 = Debug|Any CPU
		{9681FCB9-6D28-4DB7-8B71-135BA4E8E402}.AppStore|iPhone.Deploy.0 = Debug|Any CPU
		{9681FCB9-6D28-4DB7-8B71-135BA4E8E402}.AppStore|iPhoneSimulator.ActiveCfg = Debug|Any CPU
		{9681FCB9-6D28-4DB7-8B71-135BA4E8E402}.AppStore|iPhoneSimulator.Build.0 = Debug|Any CPU
		{9681FCB9-6D28-4DB7-8B71-135BA4E8E402}.AppStore|iPhoneSimulator.Deploy.0 = Debug|Any CPU
		{9681FCB9-6D28-4DB7-8B71-135BA4E8E402}.Debug|Any CPU.ActiveCfg = Debug|Any CPU
		{9681FCB9-6D28-4DB7-8B71-135BA4E8E402}.Debug|Any CPU.Build.0 = Debug|Any CPU
		{9681FCB9-6D28-4DB7-8B71-135BA4E8E402}.Debug|Any CPU.Deploy.0 = Debug|Any CPU
		{9681FCB9-6D28-4DB7-8B71-135BA4E8E402}.Debug|iPhone.ActiveCfg = Debug|Any CPU
		{9681FCB9-6D28-4DB7-8B71-135BA4E8E402}.Debug|iPhone.Build.0 = Debug|Any CPU
		{9681FCB9-6D28-4DB7-8B71-135BA4E8E402}.Debug|iPhone.Deploy.0 = Debug|Any CPU
		{9681FCB9-6D28-4DB7-8B71-135BA4E8E402}.Debug|iPhoneSimulator.ActiveCfg = Debug|Any CPU
		{9681FCB9-6D28-4DB7-8B71-135BA4E8E402}.Debug|iPhoneSimulator.Build.0 = Debug|Any CPU
		{9681FCB9-6D28-4DB7-8B71-135BA4E8E402}.Debug|iPhoneSimulator.Deploy.0 = Debug|Any CPU
		{9681FCB9-6D28-4DB7-8B71-135BA4E8E402}.Release|Any CPU.ActiveCfg = Release|Any CPU
		{9681FCB9-6D28-4DB7-8B71-135BA4E8E402}.Release|Any CPU.Build.0 = Release|Any CPU
		{9681FCB9-6D28-4DB7-8B71-135BA4E8E402}.Release|Any CPU.Deploy.0 = Release|Any CPU
		{9681FCB9-6D28-4DB7-8B71-135BA4E8E402}.Release|iPhone.ActiveCfg = Release|Any CPU
		{9681FCB9-6D28-4DB7-8B71-135BA4E8E402}.Release|iPhone.Build.0 = Release|Any CPU
		{9681FCB9-6D28-4DB7-8B71-135BA4E8E402}.Release|iPhone.Deploy.0 = Release|Any CPU
		{9681FCB9-6D28-4DB7-8B71-135BA4E8E402}.Release|iPhoneSimulator.ActiveCfg = Release|Any CPU
		{9681FCB9-6D28-4DB7-8B71-135BA4E8E402}.Release|iPhoneSimulator.Build.0 = Release|Any CPU
		{9681FCB9-6D28-4DB7-8B71-135BA4E8E402}.Release|iPhoneSimulator.Deploy.0 = Release|Any CPU
	EndGlobalSection
	GlobalSection(SolutionProperties) = preSolution
		HideSolutionNode = FALSE
	EndGlobalSection
	GlobalSection(ExtensibilityGlobals) = postSolution
		SolutionGuid = {2B65ED61-65F6-4EF4-B8F0-DD4B6A49F60C}
	EndGlobalSection
EndGlobal
